
Microsoft Visual Studio Solution File, Format Version 12.00
# Visual Studio Version 16
VisualStudioVersion = 16.0.31112.23
MinimumVisualStudioVersion = 10.0.40219.1
Project("{FAE04EC0-301F-11D3-BF4B-00C04F79EFBC}") = "CommandsServices", "CommandsServices\CommandsServices.csproj", "{A6F8CE59-E366-4FBE-A6B6-F70F73DD8634}"
EndProject
Global
	GlobalSection(SolutionConfigurationPlatforms) = preSolution
		Debug|Any CPU = Debug|Any CPU
		Release|Any CPU = Release|Any CPU
	EndGlobalSection
	GlobalSection(ProjectConfigurationPlatforms) = postSolution
		{A6F8CE59-E366-4FBE-A6B6-F70F73DD8634}.Debug|Any CPU.ActiveCfg = Debug|Any CPU
		{A6F8CE59-E366-4FBE-A6B6-F70F73DD8634}.Debug|Any CPU.Build.0 = Debug|Any CPU
		{A6F8CE59-E366-4FBE-A6B6-F70F73DD8634}.Release|Any CPU.ActiveCfg = Release|Any CPU
		{A6F8CE59-E366-4FBE-A6B6-F70F73DD8634}.Release|Any CPU.Build.0 = Release|Any CPU
	EndGlobalSection
	GlobalSection(SolutionProperties) = preSolution
		HideSolutionNode = FALSE
	EndGlobalSection
	GlobalSection(ExtensibilityGlobals) = postSolution
		SolutionGuid = {80F31120-7C7A-4825-BFFA-201C336E0F4D}
	EndGlobalSection
EndGlobal
