
Microsoft Visual Studio Solution File, Format Version 12.00
# Visual Studio Version 16
VisualStudioVersion = 16.0.31112.23
MinimumVisualStudioVersion = 10.0.40219.1
Project("{9A19103F-16F7-4668-BE54-9A1E7A4F7556}") = "PlatformService", "PlatformService\PlatformService.csproj", "{F121B8A3-E678-4513-B805-1B4B5DE9AF86}"
EndProject
Project("{9A19103F-16F7-4668-BE54-9A1E7A4F7556}") = "PlatformData", "Data\PlatformData.csproj", "{1D2DB1ED-6FFB-47F1-947D-864E3DA8228F}"
EndProject
Project("{9A19103F-16F7-4668-BE54-9A1E7A4F7556}") = "PlatformLogic", "Platform.Logic\PlatformLogic.csproj", "{98D56FB2-97DA-488A-A95D-D0B8E6718208}"
EndProject
Project("{FAE04EC0-301F-11D3-BF4B-00C04F79EFBC}") = "SyncDataServices", "SyncDataServices\SyncDataServices.csproj", "{5894EE5B-2D27-430A-AB84-A9AC246A838D}"
EndProject
Project("{FAE04EC0-301F-11D3-BF4B-00C04F79EFBC}") = "PlatformServiceDTO", "PlatformServiceDTO\PlatformServiceDTO.csproj", "{4F1EEBF0-AA00-48DE-BB5D-B738201ACFE1}"
EndProject
Global
	GlobalSection(SolutionConfigurationPlatforms) = preSolution
		Debug|Any CPU = Debug|Any CPU
		Release|Any CPU = Release|Any CPU
	EndGlobalSection
	GlobalSection(ProjectConfigurationPlatforms) = postSolution
		{F121B8A3-E678-4513-B805-1B4B5DE9AF86}.Debug|Any CPU.ActiveCfg = Debug|Any CPU
		{F121B8A3-E678-4513-B805-1B4B5DE9AF86}.Debug|Any CPU.Build.0 = Debug|Any CPU
		{F121B8A3-E678-4513-B805-1B4B5DE9AF86}.Release|Any CPU.ActiveCfg = Release|Any CPU
		{F121B8A3-E678-4513-B805-1B4B5DE9AF86}.Release|Any CPU.Build.0 = Release|Any CPU
		{1D2DB1ED-6FFB-47F1-947D-864E3DA8228F}.Debug|Any CPU.ActiveCfg = Debug|Any CPU
		{1D2DB1ED-6FFB-47F1-947D-864E3DA8228F}.Debug|Any CPU.Build.0 = Debug|Any CPU
		{1D2DB1ED-6FFB-47F1-947D-864E3DA8228F}.Release|Any CPU.ActiveCfg = Release|Any CPU
		{1D2DB1ED-6FFB-47F1-947D-864E3DA8228F}.Release|Any CPU.Build.0 = Release|Any CPU
		{98D56FB2-97DA-488A-A95D-D0B8E6718208}.Debug|Any CPU.ActiveCfg = Debug|Any CPU
		{98D56FB2-97DA-488A-A95D-D0B8E6718208}.Debug|Any CPU.Build.0 = Debug|Any CPU
		{98D56FB2-97DA-488A-A95D-D0B8E6718208}.Release|Any CPU.ActiveCfg = Release|Any CPU
		{98D56FB2-97DA-488A-A95D-D0B8E6718208}.Release|Any CPU.Build.0 = Release|Any CPU
		{5894EE5B-2D27-430A-AB84-A9AC246A838D}.Debug|Any CPU.ActiveCfg = Debug|Any CPU
		{5894EE5B-2D27-430A-AB84-A9AC246A838D}.Debug|Any CPU.Build.0 = Debug|Any CPU
		{5894EE5B-2D27-430A-AB84-A9AC246A838D}.Release|Any CPU.ActiveCfg = Release|Any CPU
		{5894EE5B-2D27-430A-AB84-A9AC246A838D}.Release|Any CPU.Build.0 = Release|Any CPU
		{4F1EEBF0-AA00-48DE-BB5D-B738201ACFE1}.Debug|Any CPU.ActiveCfg = Debug|Any CPU
		{4F1EEBF0-AA00-48DE-BB5D-B738201ACFE1}.Debug|Any CPU.Build.0 = Debug|Any CPU
		{4F1EEBF0-AA00-48DE-BB5D-B738201ACFE1}.Release|Any CPU.ActiveCfg = Release|Any CPU
		{4F1EEBF0-AA00-48DE-BB5D-B738201ACFE1}.Release|Any CPU.Build.0 = Release|Any CPU
	EndGlobalSection
	GlobalSection(SolutionProperties) = preSolution
		HideSolutionNode = FALSE
	EndGlobalSection
	GlobalSection(ExtensibilityGlobals) = postSolution
		SolutionGuid = {D07C2051-AF36-4330-B5FD-0D7775925E8F}
	EndGlobalSection
EndGlobal
